// !$*UTF8*$!
{
	archiveVersion = 1;
	classes = {
	};
	objectVersion = 50;
	objects = {

/* Begin PBXBuildFile section */
		13735A6726077DF2000F770A /* CoreMLDemoApp.swift in Sources */ = {isa = PBXBuildFile; fileRef = 13735A5426077DF1000F770A /* CoreMLDemoApp.swift */; };
		13735A6826077DF2000F770A /* CoreMLDemoApp.swift in Sources */ = {isa = PBXBuildFile; fileRef = 13735A5426077DF1000F770A /* CoreMLDemoApp.swift */; };
		13735A6926077DF2000F770A /* ContentView.swift in Sources */ = {isa = PBXBuildFile; fileRef = 13735A5526077DF1000F770A /* ContentView.swift */; };
		13735A6A26077DF2000F770A /* ContentView.swift in Sources */ = {isa = PBXBuildFile; fileRef = 13735A5526077DF1000F770A /* ContentView.swift */; };
		13735A6B26077DF2000F770A /* Assets.xcassets in Resources */ = {isa = PBXBuildFile; fileRef = 13735A5626077DF2000F770A /* Assets.xcassets */; };
		13735A6C26077DF2000F770A /* Assets.xcassets in Resources */ = {isa = PBXBuildFile; fileRef = 13735A5626077DF2000F770A /* Assets.xcassets */; };
		13735A7826077E09000F770A /* ImagePicker.swift in Sources */ = {isa = PBXBuildFile; fileRef = 13735A7726077E09000F770A /* ImagePicker.swift */; };
		13735A7926077E09000F770A /* ImagePicker.swift in Sources */ = {isa = PBXBuildFile; fileRef = 13735A7726077E09000F770A /* ImagePicker.swift */; };
		13735A7D26077E27000F770A /* GoogLeNetPlaces.mlmodel in Sources */ = {isa = PBXBuildFile; fileRef = 13735A7C26077E27000F770A /* GoogLeNetPlaces.mlmodel */; };
		13735A7E26077E27000F770A /* GoogLeNetPlaces.mlmodel in Sources */ = {isa = PBXBuildFile; fileRef = 13735A7C26077E27000F770A /* GoogLeNetPlaces.mlmodel */; };
		13735A8226077E37000F770A /* Extensions.swift in Sources */ = {isa = PBXBuildFile; fileRef = 13735A8126077E37000F770A /* Extensions.swift */; };
		13735A8326077E37000F770A /* Extensions.swift in Sources */ = {isa = PBXBuildFile; fileRef = 13735A8126077E37000F770A /* Extensions.swift */; };
/* End PBXBuildFile section */

/* Begin PBXFileReference section */
		13735A5426077DF1000F770A /* CoreMLDemoApp.swift */ = {isa = PBXFileReference; lastKnownFileType = sourcecode.swift; path = CoreMLDemoApp.swift; sourceTree = "<group>"; };
		13735A5526077DF1000F770A /* ContentView.swift */ = {isa = PBXFileReference; lastKnownFileType = sourcecode.swift; path = ContentView.swift; sourceTree = "<group>"; };
		13735A5626077DF2000F770A /* Assets.xcassets */ = {isa = PBXFileReference; lastKnownFileType = folder.assetcatalog; path = Assets.xcassets; sourceTree = "<group>"; };
		13735A5B26077DF2000F770A /* CoreMLDemo.app */ = {isa = PBXFileReference; explicitFileType = wrapper.application; includeInIndex = 0; path = CoreMLDemo.app; sourceTree = BUILT_PRODUCTS_DIR; };
		13735A5E26077DF2000F770A /* Info.plist */ = {isa = PBXFileReference; lastKnownFileType = text.plist.xml; path = Info.plist; sourceTree = "<group>"; };
		13735A6326077DF2000F770A /* CoreMLDemo.app */ = {isa = PBXFileReference; explicitFileType = wrapper.application; includeInIndex = 0; path = CoreMLDemo.app; sourceTree = BUILT_PRODUCTS_DIR; };
		13735A6526077DF2000F770A /* Info.plist */ = {isa = PBXFileReference; lastKnownFileType = text.plist.xml; path = Info.plist; sourceTree = "<group>"; };
		13735A6626077DF2000F770A /* macOS.entitlements */ = {isa = PBXFileReference; lastKnownFileType = text.plist.entitlements; path = macOS.entitlements; sourceTree = "<group>"; };
		13735A7726077E09000F770A /* ImagePicker.swift */ = {isa = PBXFileReference; lastKnownFileType = sourcecode.swift; path = ImagePicker.swift; sourceTree = "<group>"; };
		13735A7C26077E27000F770A /* GoogLeNetPlaces.mlmodel */ = {isa = PBXFileReference; lastKnownFileType = file.mlmodel; path = GoogLeNetPlaces.mlmodel; sourceTree = "<group>"; };
		13735A8126077E37000F770A /* Extensions.swift */ = {isa = PBXFileReference; lastKnownFileType = sourcecode.swift; path = Extensions.swift; sourceTree = "<group>"; };
/* End PBXFileReference section */

/* Begin PBXFrameworksBuildPhase section */
		13735A5826077DF2000F770A /* Frameworks */ = {
			isa = PBXFrameworksBuildPhase;
			buildActionMask = 2147483647;
			files = (
			);
			runOnlyForDeploymentPostprocessing = 0;
		};
		13735A6026077DF2000F770A /* Frameworks */ = {
			isa = PBXFrameworksBuildPhase;
			buildActionMask = 2147483647;
			files = (
			);
			runOnlyForDeploymentPostprocessing = 0;
		};
/* End PBXFrameworksBuildPhase section */

/* Begin PBXGroup section */
		13735A4E26077DF0000F770A = {
			isa = PBXGroup;
			children = (
				13735A5326077DF1000F770A /* Shared */,
				13735A5D26077DF2000F770A /* iOS */,
				13735A6426077DF2000F770A /* macOS */,
				13735A5C26077DF2000F770A /* Products */,
			);
			sourceTree = "<group>";
		};
		13735A5326077DF1000F770A /* Shared */ = {
			isa = PBXGroup;
			children = (
				13735A7C26077E27000F770A /* GoogLeNetPlaces.mlmodel */,
				13735A5426077DF1000F770A /* CoreMLDemoApp.swift */,
				13735A5526077DF1000F770A /* ContentView.swift */,
				13735A7726077E09000F770A /* ImagePicker.swift */,
				13735A5626077DF2000F770A /* Assets.xcassets */,
				13735A8126077E37000F770A /* Extensions.swift */,
			);
			path = Shared;
			sourceTree = "<group>";
		};
		13735A5C26077DF2000F770A /* Products */ = {
			isa = PBXGroup;
			children = (
				13735A5B26077DF2000F770A /* CoreMLDemo.app */,
				13735A6326077DF2000F770A /* CoreMLDemo.app */,
			);
			name = Products;
			sourceTree = "<group>";
		};
		13735A5D26077DF2000F770A /* iOS */ = {
			isa = PBXGroup;
			children = (
				13735A5E26077DF2000F770A /* Info.plist */,
			);
			path = iOS;
			sourceTree = "<group>";
		};
		13735A6426077DF2000F770A /* macOS */ = {
			isa = PBXGroup;
			children = (
				13735A6526077DF2000F770A /* Info.plist */,
				13735A6626077DF2000F770A /* macOS.entitlements */,
			);
			path = macOS;
			sourceTree = "<group>";
		};
/* End PBXGroup section */

/* Begin PBXNativeTarget section */
		13735A5A26077DF2000F770A /* CoreMLDemo (iOS) */ = {
			isa = PBXNativeTarget;
			buildConfigurationList = 13735A6F26077DF2000F770A /* Build configuration list for PBXNativeTarget "CoreMLDemo (iOS)" */;
			buildPhases = (
				13735A5726077DF2000F770A /* Sources */,
				13735A5826077DF2000F770A /* Frameworks */,
				13735A5926077DF2000F770A /* Resources */,
			);
			buildRules = (
			);
			dependencies = (
			);
			name = "CoreMLDemo (iOS)";
			productName = "CoreMLDemo (iOS)";
			productReference = 13735A5B26077DF2000F770A /* CoreMLDemo.app */;
			productType = "com.apple.product-type.application";
		};
		13735A6226077DF2000F770A /* CoreMLDemo (macOS) */ = {
			isa = PBXNativeTarget;
			buildConfigurationList = 13735A7226077DF2000F770A /* Build configuration list for PBXNativeTarget "CoreMLDemo (macOS)" */;
			buildPhases = (
				13735A5F26077DF2000F770A /* Sources */,
				13735A6026077DF2000F770A /* Frameworks */,
				13735A6126077DF2000F770A /* Resources */,
			);
			buildRules = (
			);
			dependencies = (
			);
			name = "CoreMLDemo (macOS)";
			productName = "CoreMLDemo (macOS)";
			productReference = 13735A6326077DF2000F770A /* CoreMLDemo.app */;
			productType = "com.apple.product-type.application";
		};
/* End PBXNativeTarget section */

/* Begin PBXProject section */
		13735A4F26077DF0000F770A /* Project object */ = {
			isa = PBXProject;
			attributes = {
				LastSwiftUpdateCheck = 1240;
				LastUpgradeCheck = 1240;
				TargetAttributes = {
					13735A5A26077DF2000F770A = {
						CreatedOnToolsVersion = 12.4;
					};
					13735A6226077DF2000F770A = {
						CreatedOnToolsVersion = 12.4;
					};
				};
			};
			buildConfigurationList = 13735A5226077DF0000F770A /* Build configuration list for PBXProject "CoreMLDemo" */;
			compatibilityVersion = "Xcode 9.3";
			developmentRegion = en;
			hasScannedForEncodings = 0;
			knownRegions = (
				en,
				Base,
			);
			mainGroup = 13735A4E26077DF0000F770A;
			productRefGroup = 13735A5C26077DF2000F770A /* Products */;
			projectDirPath = "";
			projectRoot = "";
			targets = (
				13735A5A26077DF2000F770A /* CoreMLDemo (iOS) */,
				13735A6226077DF2000F770A /* CoreMLDemo (macOS) */,
			);
		};
/* End PBXProject section */

/* Begin PBXResourcesBuildPhase section */
		13735A5926077DF2000F770A /* Resources */ = {
			isa = PBXResourcesBuildPhase;
			buildActionMask = 2147483647;
			files = (
				13735A6B26077DF2000F770A /* Assets.xcassets in Resources */,
			);
			runOnlyForDeploymentPostprocessing = 0;
		};
		13735A6126077DF2000F770A /* Resources */ = {
			isa = PBXResourcesBuildPhase;
			buildActionMask = 2147483647;
			files = (
				13735A6C26077DF2000F770A /* Assets.xcassets in Resources */,
			);
			runOnlyForDeploymentPostprocessing = 0;
		};
/* End PBXResourcesBuildPhase section */

/* Begin PBXSourcesBuildPhase section */
		13735A5726077DF2000F770A /* Sources */ = {
			isa = PBXSourcesBuildPhase;
			buildActionMask = 2147483647;
			files = (
				13735A8226077E37000F770A /* Extensions.swift in Sources */,
				13735A7826077E09000F770A /* ImagePicker.swift in Sources */,
				13735A6926077DF2000F770A /* ContentView.swift in Sources */,
				13735A6726077DF2000F770A /* CoreMLDemoApp.swift in Sources */,
				13735A7D26077E27000F770A /* GoogLeNetPlaces.mlmodel in Sources */,
			);
			runOnlyForDeploymentPostprocessing = 0;
		};
		13735A5F26077DF2000F770A /* Sources */ = {
			isa = PBXSourcesBuildPhase;
			buildActionMask = 2147483647;
			files = (
				13735A8326077E37000F770A /* Extensions.swift in Sources */,
				13735A7926077E09000F770A /* ImagePicker.swift in Sources */,
				13735A6A26077DF2000F770A /* ContentView.swift in Sources */,
				13735A6826077DF2000F770A /* CoreMLDemoApp.swift in Sources */,
				13735A7E26077E27000F770A /* GoogLeNetPlaces.mlmodel in Sources */,
			);
			runOnlyForDeploymentPostprocessing = 0;
		};
/* End PBXSourcesBuildPhase section */

/* Begin XCBuildConfiguration section */
		13735A6D26077DF2000F770A /* Debug */ = {
			isa = XCBuildConfiguration;
			buildSettings = {
				ALWAYS_SEARCH_USER_PATHS = NO;
				CLANG_ANALYZER_NONNULL = YES;
				CLANG_ANALYZER_NUMBER_OBJECT_CONVERSION = YES_AGGRESSIVE;
				CLANG_CXX_LANGUAGE_STANDARD = "gnu++14";
				CLANG_CXX_LIBRARY = "libc++";
				CLANG_ENABLE_MODULES = YES;
				CLANG_ENABLE_OBJC_ARC = YES;
				CLANG_ENABLE_OBJC_WEAK = YES;
				CLANG_WARN_BLOCK_CAPTURE_AUTORELEASING = YES;
				CLANG_WARN_BOOL_CONVERSION = YES;
				CLANG_WARN_COMMA = YES;
				CLANG_WARN_CONSTANT_CONVERSION = YES;
				CLANG_WARN_DEPRECATED_OBJC_IMPLEMENTATIONS = YES;
				CLANG_WARN_DIRECT_OBJC_ISA_USAGE = YES_ERROR;
				CLANG_WARN_DOCUMENTATION_COMMENTS = YES;
				CLANG_WARN_EMPTY_BODY = YES;
				CLANG_WARN_ENUM_CONVERSION = YES;
				CLANG_WARN_INFINITE_RECURSION = YES;
				CLANG_WARN_INT_CONVERSION = YES;
				CLANG_WARN_NON_LITERAL_NULL_CONVERSION = YES;
				CLANG_WARN_OBJC_IMPLICIT_RETAIN_SELF = YES;
				CLANG_WARN_OBJC_LITERAL_CONVERSION = YES;
				CLANG_WARN_OBJC_ROOT_CLASS = YES_ERROR;
				CLANG_WARN_QUOTED_INCLUDE_IN_FRAMEWORK_HEADER = YES;
				CLANG_WARN_RANGE_LOOP_ANALYSIS = YES;
				CLANG_WARN_STRICT_PROTOTYPES = YES;
				CLANG_WARN_SUSPICIOUS_MOVE = YES;
				CLANG_WARN_UNGUARDED_AVAILABILITY = YES_AGGRESSIVE;
				CLANG_WARN_UNREACHABLE_CODE = YES;
				CLANG_WARN__DUPLICATE_METHOD_MATCH = YES;
				COPY_PHASE_STRIP = NO;
				DEBUG_INFORMATION_FORMAT = dwarf;
				ENABLE_STRICT_OBJC_MSGSEND = YES;
				ENABLE_TESTABILITY = YES;
				GCC_C_LANGUAGE_STANDARD = gnu11;
				GCC_DYNAMIC_NO_PIC = NO;
				GCC_NO_COMMON_BLOCKS = YES;
				GCC_OPTIMIZATION_LEVEL = 0;
				GCC_PREPROCESSOR_DEFINITIONS = (
					"DEBUG=1",
					"$(inherited)",
				);
				GCC_WARN_64_TO_32_BIT_CONVERSION = YES;
				GCC_WARN_ABOUT_RETURN_TYPE = YES_ERROR;
				GCC_WARN_UNDECLARED_SELECTOR = YES;
				GCC_WARN_UNINITIALIZED_AUTOS = YES_AGGRESSIVE;
				GCC_WARN_UNUSED_FUNCTION = YES;
				GCC_WARN_UNUSED_VARIABLE = YES;
				MTL_ENABLE_DEBUG_INFO = INCLUDE_SOURCE;
				MTL_FAST_MATH = YES;
				ONLY_ACTIVE_ARCH = YES;
				SWIFT_ACTIVE_COMPILATION_CONDITIONS = DEBUG;
				SWIFT_OPTIMIZATION_LEVEL = "-Onone";
			};
			name = Debug;
		};
		13735A6E26077DF2000F770A /* Release */ = {
			isa = XCBuildConfiguration;
			buildSettings = {
				ALWAYS_SEARCH_USER_PATHS = NO;
				CLANG_ANALYZER_NONNULL = YES;
				CLANG_ANALYZER_NUMBER_OBJECT_CONVERSION = YES_AGGRESSIVE;
				CLANG_CXX_LANGUAGE_STANDARD = "gnu++14";
				CLANG_CXX_LIBRARY = "libc++";
				CLANG_ENABLE_MODULES = YES;
				CLANG_ENABLE_OBJC_ARC = YES;
				CLANG_ENABLE_OBJC_WEAK = YES;
				CLANG_WARN_BLOCK_CAPTURE_AUTORELEASING = YES;
				CLANG_WARN_BOOL_CONVERSION = YES;
				CLANG_WARN_COMMA = YES;
				CLANG_WARN_CONSTANT_CONVERSION = YES;
				CLANG_WARN_DEPRECATED_OBJC_IMPLEMENTATIONS = YES;
				CLANG_WARN_DIRECT_OBJC_ISA_USAGE = YES_ERROR;
				CLANG_WARN_DOCUMENTATION_COMMENTS = YES;
				CLANG_WARN_EMPTY_BODY = YES;
				CLANG_WARN_ENUM_CONVERSION = YES;
				CLANG_WARN_INFINITE_RECURSION = YES;
				CLANG_WARN_INT_CONVERSION = YES;
				CLANG_WARN_NON_LITERAL_NULL_CONVERSION = YES;
				CLANG_WARN_OBJC_IMPLICIT_RETAIN_SELF = YES;
				CLANG_WARN_OBJC_LITERAL_CONVERSION = YES;
				CLANG_WARN_OBJC_ROOT_CLASS = YES_ERROR;
				CLANG_WARN_QUOTED_INCLUDE_IN_FRAMEWORK_HEADER = YES;
				CLANG_WARN_RANGE_LOOP_ANALYSIS = YES;
				CLANG_WARN_STRICT_PROTOTYPES = YES;
				CLANG_WARN_SUSPICIOUS_MOVE = YES;
				CLANG_WARN_UNGUARDED_AVAILABILITY = YES_AGGRESSIVE;
				CLANG_WARN_UNREACHABLE_CODE = YES;
				CLANG_WARN__DUPLICATE_METHOD_MATCH = YES;
				COPY_PHASE_STRIP = NO;
				DEBUG_INFORMATION_FORMAT = "dwarf-with-dsym";
				ENABLE_NS_ASSERTIONS = NO;
				ENABLE_STRICT_OBJC_MSGSEND = YES;
				GCC_C_LANGUAGE_STANDARD = gnu11;
				GCC_NO_COMMON_BLOCKS = YES;
				GCC_WARN_64_TO_32_BIT_CONVERSION = YES;
				GCC_WARN_ABOUT_RETURN_TYPE = YES_ERROR;
				GCC_WARN_UNDECLARED_SELECTOR = YES;
				GCC_WARN_UNINITIALIZED_AUTOS = YES_AGGRESSIVE;
				GCC_WARN_UNUSED_FUNCTION = YES;
				GCC_WARN_UNUSED_VARIABLE = YES;
				MTL_ENABLE_DEBUG_INFO = NO;
				MTL_FAST_MATH = YES;
				SWIFT_COMPILATION_MODE = wholemodule;
				SWIFT_OPTIMIZATION_LEVEL = "-O";
			};
			name = Release;
		};
		13735A7026077DF2000F770A /* Debug */ = {
			isa = XCBuildConfiguration;
			buildSettings = {
				ASSETCATALOG_COMPILER_APPICON_NAME = AppIcon;
				ASSETCATALOG_COMPILER_GLOBAL_ACCENT_COLOR_NAME = AccentColor;
				CODE_SIGN_STYLE = Automatic;
				DEVELOPMENT_TEAM = XVHNSPM887;
				ENABLE_PREVIEWS = YES;
				INFOPLIST_FILE = iOS/Info.plist;
				IPHONEOS_DEPLOYMENT_TARGET = 14.0;
				LD_RUNPATH_SEARCH_PATHS = (
					"$(inherited)",
					"@executable_path/Frameworks",
				);
				PRODUCT_BUNDLE_IDENTIFIER = com.pikdays.CoreMLDemo;
				PRODUCT_NAME = CoreMLDemo;
				SDKROOT = iphoneos;
				SWIFT_VERSION = 5.0;
				TARGETED_DEVICE_FAMILY = "1,2";
			};
			name = Debug;
		};
		13735A7126077DF2000F770A /* Release */ = {
			isa = XCBuildConfiguration;
			buildSettings = {
				ASSETCATALOG_COMPILER_APPICON_NAME = AppIcon;
				ASSETCATALOG_COMPILER_GLOBAL_ACCENT_COLOR_NAME = AccentColor;
				CODE_SIGN_STYLE = Automatic;
				DEVELOPMENT_TEAM = XVHNSPM887;
				ENABLE_PREVIEWS = YES;
				INFOPLIST_FILE = iOS/Info.plist;
				IPHONEOS_DEPLOYMENT_TARGET = 14.0;
				LD_RUNPATH_SEARCH_PATHS = (
					"$(inherited)",
					"@executable_path/Frameworks",
				);
				PRODUCT_BUNDLE_IDENTIFIER = com.pikdays.CoreMLDemo;
				PRODUCT_NAME = CoreMLDemo;
				SDKROOT = iphoneos;
				SWIFT_VERSION = 5.0;
				TARGETED_DEVICE_FAMILY = "1,2";
				VALIDATE_PRODUCT = YES;
			};
			name = Release;
		};
		13735A7326077DF2000F770A /* Debug */ = {
			isa = XCBuildConfiguration;
			buildSettings = {
				ASSETCATALOG_COMPILER_APPICON_NAME = AppIcon;
				ASSETCATALOG_COMPILER_GLOBAL_ACCENT_COLOR_NAME = AccentColor;
				CODE_SIGN_ENTITLEMENTS = macOS/macOS.entitlements;
				CODE_SIGN_STYLE = Automatic;
				COMBINE_HIDPI_IMAGES = YES;
				DEVELOPMENT_TEAM = XVHNSPM887;
				ENABLE_HARDENED_RUNTIME = YES;
				ENABLE_PREVIEWS = YES;
				INFOPLIST_FILE = macOS/Info.plist;
				LD_RUNPATH_SEARCH_PATHS = (
					"$(inherited)",
					"@executable_path/../Frameworks",
				);
				MACOSX_DEPLOYMENT_TARGET = 11.0;
				PRODUCT_BUNDLE_IDENTIFIER = com.pikdays.CoreMLDemo;
				PRODUCT_NAME = CoreMLDemo;
				SDKROOT = macosx;
				SWIFT_VERSION = 5.0;
			};
			name = Debug;
		};
		13735A7426077DF2000F770A /* Release */ = {
			isa = XCBuildConfiguration;
			buildSettings = {
				ASSETCATALOG_COMPILER_APPICON_NAME = AppIcon;
				ASSETCATALOG_COMPILER_GLOBAL_ACCENT_COLOR_NAME = AccentColor;
				CODE_SIGN_ENTITLEMENTS = macOS/macOS.entitlements;
				CODE_SIGN_STYLE = Automatic;
				COMBINE_HIDPI_IMAGES = YES;
				DEVELOPMENT_TEAM = XVHNSPM887;
				ENABLE_HARDENED_RUNTIME = YES;
				ENABLE_PREVIEWS = YES;
				INFOPLIST_FILE = macOS/Info.plist;
				LD_RUNPATH_SEARCH_PATHS = (
					"$(inherited)",
					"@executable_path/../Frameworks",
				);
				MACOSX_DEPLOYMENT_TARGET = 11.0;
				PRODUCT_BUNDLE_IDENTIFIER = com.pikdays.CoreMLDemo;
				PRODUCT_NAME = CoreMLDemo;
				SDKROOT = macosx;
				SWIFT_VERSION = 5.0;
			};
			name = Release;
		};
/* End XCBuildConfiguration section */

/* Begin XCConfigurationList section */
		13735A5226077DF0000F770A /* Build configuration list for PBXProject "CoreMLDemo" */ = {
			isa = XCConfigurationList;
			buildConfigurations = (
				13735A6D26077DF2000F770A /* Debug */,
				13735A6E26077DF2000F770A /* Release */,
			);
			defaultConfigurationIsVisible = 0;
			defaultConfigurationName = Release;
		};
		13735A6F26077DF2000F770A /* Build configuration list for PBXNativeTarget "CoreMLDemo (iOS)" */ = {
			isa = XCConfigurationList;
			buildConfigurations = (
				13735A7026077DF2000F770A /* Debug */,
				13735A7126077DF2000F770A /* Release */,
			);
			defaultConfigurationIsVisible = 0;
			defaultConfigurationName = Release;
		};
		13735A7226077DF2000F770A /* Build configuration list for PBXNativeTarget "CoreMLDemo (macOS)" */ = {
			isa = XCConfigurationList;
			buildConfigurations = (
				13735A7326077DF2000F770A /* Debug */,
				13735A7426077DF2000F770A /* Release */,
			);
			defaultConfigurationIsVisible = 0;
			defaultConfigurationName = Release;
		};
/* End XCConfigurationList section */
	};
	rootObject = 13735A4F26077DF0000F770A /* Project object */;
}
